
Microsoft Visual Studio Solution File, Format Version 12.00
# Visual Studio Version 17
VisualStudioVersion = 17.8.34511.84
MinimumVisualStudioVersion = 10.0.40219.1
Project("{FAE04EC0-301F-11D3-BF4B-00C04F79EFBC}") = "Student Information System", "Student Information System\Student Information System.csproj", "{DAA0160C-F211-4D57-B34B-26194D5CE75A}"
EndProject
Global
	GlobalSection(SolutionConfigurationPlatforms) = preSolution
		Debug|Any CPU = Debug|Any CPU
		Release|Any CPU = Release|Any CPU
	EndGlobalSection
	GlobalSection(ProjectConfigurationPlatforms) = postSolution
		{DAA0160C-F211-4D57-B34B-26194D5CE75A}.Debug|Any CPU.ActiveCfg = Debug|Any CPU
		{DAA0160C-F211-4D57-B34B-26194D5CE75A}.Debug|Any CPU.Build.0 = Debug|Any CPU
		{DAA0160C-F211-4D57-B34B-26194D5CE75A}.Release|Any CPU.ActiveCfg = Release|Any CPU
		{DAA0160C-F211-4D57-B34B-26194D5CE75A}.Release|Any CPU.Build.0 = Release|Any CPU
	EndGlobalSection
	GlobalSection(SolutionProperties) = preSolution
		HideSolutionNode = FALSE
	EndGlobalSection
	GlobalSection(ExtensibilityGlobals) = postSolution
		SolutionGuid = {11031C91-0DF9-4501-8672-ADC828FCA485}
	EndGlobalSection
EndGlobal
